
Microsoft Visual Studio Solution File, Format Version 12.00
# Visual Studio Version 17
VisualStudioVersion = 17.12.35506.116 d17.12
MinimumVisualStudioVersion = 10.0.40219.1
Project("{FAE04EC0-301F-11D3-BF4B-00C04F79EFBC}") = "CSIApp", "CSIApp.csproj", "{A9BA2AF9-6ACA-4833-97FE-A92A89FF330E}"
	ProjectSection(ProjectDependencies) = postProject
		{80CABAF4-6A75-4C31-BC6A-C69C3839A470} = {80CABAF4-6A75-4C31-BC6A-C69C3839A470}
		{BB2E22B6-97CB-42CF-87B8-A8D6E2373D1B} = {BB2E22B6-97CB-42CF-87B8-A8D6E2373D1B}
		{F802CA81-FD91-465E-976A-339913D3A9F8} = {F802CA81-FD91-465E-976A-339913D3A9F8}
	EndProjectSection
EndProject
Project("{2150E333-8FDC-42A3-9474-1A3956D46DE8}") = "Presentation", "Presentation", "{03F70505-532E-4519-BFEA-857687463CE5}"
EndProject
Project("{2150E333-8FDC-42A3-9474-1A3956D46DE8}") = "WebApp", "WebApp", "{53BB4923-8CBF-4E95-9867-04E780335199}"
EndProject
Project("{2150E333-8FDC-42A3-9474-1A3956D46DE8}") = "Core", "Core", "{ECE484EB-E0BC-49CA-A422-6381666D1033}"
EndProject
Project("{2150E333-8FDC-42A3-9474-1A3956D46DE8}") = "Infrastructure", "Infrastructure", "{CEBD76E0-05D2-4A3D-93E9-256F62FE0078}"
EndProject
Project("{FAE04EC0-301F-11D3-BF4B-00C04F79EFBC}") = "CSIApp.Core.Domain", "..\CSIApp.Core.Domain\CSIApp.Core.Domain.csproj", "{BB2E22B6-97CB-42CF-87B8-A8D6E2373D1B}"
EndProject
Project("{FAE04EC0-301F-11D3-BF4B-00C04F79EFBC}") = "CSIApp.Core.Application", "..\CSIApp.Core.Application\CSIApp.Core.Application.csproj", "{80CABAF4-6A75-4C31-BC6A-C69C3839A470}"
	ProjectSection(ProjectDependencies) = postProject
		{BB2E22B6-97CB-42CF-87B8-A8D6E2373D1B} = {BB2E22B6-97CB-42CF-87B8-A8D6E2373D1B}
	EndProjectSection
EndProject
Project("{FAE04EC0-301F-11D3-BF4B-00C04F79EFBC}") = "CSIApp.Infrastructure.Persistence", "..\CSIApp.Infrastructure.Persistence\CSIApp.Infrastructure.Persistence.csproj", "{F802CA81-FD91-465E-976A-339913D3A9F8}"
	ProjectSection(ProjectDependencies) = postProject
		{80CABAF4-6A75-4C31-BC6A-C69C3839A470} = {80CABAF4-6A75-4C31-BC6A-C69C3839A470}
		{BB2E22B6-97CB-42CF-87B8-A8D6E2373D1B} = {BB2E22B6-97CB-42CF-87B8-A8D6E2373D1B}
	EndProjectSection
EndProject
Global
	GlobalSection(SolutionConfigurationPlatforms) = preSolution
		Debug|Any CPU = Debug|Any CPU
		Release|Any CPU = Release|Any CPU
	EndGlobalSection
	GlobalSection(ProjectConfigurationPlatforms) = postSolution
		{A9BA2AF9-6ACA-4833-97FE-A92A89FF330E}.Debug|Any CPU.ActiveCfg = Debug|Any CPU
		{A9BA2AF9-6ACA-4833-97FE-A92A89FF330E}.Debug|Any CPU.Build.0 = Debug|Any CPU
		{A9BA2AF9-6ACA-4833-97FE-A92A89FF330E}.Release|Any CPU.ActiveCfg = Release|Any CPU
		{A9BA2AF9-6ACA-4833-97FE-A92A89FF330E}.Release|Any CPU.Build.0 = Release|Any CPU
		{BB2E22B6-97CB-42CF-87B8-A8D6E2373D1B}.Debug|Any CPU.ActiveCfg = Debug|Any CPU
		{BB2E22B6-97CB-42CF-87B8-A8D6E2373D1B}.Debug|Any CPU.Build.0 = Debug|Any CPU
		{BB2E22B6-97CB-42CF-87B8-A8D6E2373D1B}.Release|Any CPU.ActiveCfg = Release|Any CPU
		{BB2E22B6-97CB-42CF-87B8-A8D6E2373D1B}.Release|Any CPU.Build.0 = Release|Any CPU
		{80CABAF4-6A75-4C31-BC6A-C69C3839A470}.Debug|Any CPU.ActiveCfg = Debug|Any CPU
		{80CABAF4-6A75-4C31-BC6A-C69C3839A470}.Debug|Any CPU.Build.0 = Debug|Any CPU
		{80CABAF4-6A75-4C31-BC6A-C69C3839A470}.Release|Any CPU.ActiveCfg = Release|Any CPU
		{80CABAF4-6A75-4C31-BC6A-C69C3839A470}.Release|Any CPU.Build.0 = Release|Any CPU
		{F802CA81-FD91-465E-976A-339913D3A9F8}.Debug|Any CPU.ActiveCfg = Debug|Any CPU
		{F802CA81-FD91-465E-976A-339913D3A9F8}.Debug|Any CPU.Build.0 = Debug|Any CPU
		{F802CA81-FD91-465E-976A-339913D3A9F8}.Release|Any CPU.ActiveCfg = Release|Any CPU
		{F802CA81-FD91-465E-976A-339913D3A9F8}.Release|Any CPU.Build.0 = Release|Any CPU
	EndGlobalSection
	GlobalSection(SolutionProperties) = preSolution
		HideSolutionNode = FALSE
	EndGlobalSection
	GlobalSection(NestedProjects) = preSolution
		{A9BA2AF9-6ACA-4833-97FE-A92A89FF330E} = {53BB4923-8CBF-4E95-9867-04E780335199}
		{53BB4923-8CBF-4E95-9867-04E780335199} = {03F70505-532E-4519-BFEA-857687463CE5}
		{BB2E22B6-97CB-42CF-87B8-A8D6E2373D1B} = {ECE484EB-E0BC-49CA-A422-6381666D1033}
		{80CABAF4-6A75-4C31-BC6A-C69C3839A470} = {ECE484EB-E0BC-49CA-A422-6381666D1033}
		{F802CA81-FD91-465E-976A-339913D3A9F8} = {CEBD76E0-05D2-4A3D-93E9-256F62FE0078}
	EndGlobalSection
EndGlobal
