
Microsoft Visual Studio Solution File, Format Version 12.00
# Visual Studio Version 17
VisualStudioVersion = 17.12.35506.116 d17.12
MinimumVisualStudioVersion = 10.0.40219.1
Project("{FAE04EC0-301F-11D3-BF4B-00C04F79EFBC}") = "CSI.Web.App", "CSI.Web.App.csproj", "{53217C07-2EFC-4D09-B268-AED49A4A518A}"
EndProject
Project("{2150E333-8FDC-42A3-9474-1A3956D46DE8}") = "Presentation", "Presentation", "{1311549A-A699-4FC3-BC8D-B0100D5939EA}"
EndProject
Project("{2150E333-8FDC-42A3-9474-1A3956D46DE8}") = "Infrastructure", "Infrastructure", "{E24397E0-51DD-4ACE-AF16-51B678C7B37E}"
EndProject
Project("{2150E333-8FDC-42A3-9474-1A3956D46DE8}") = "Core", "Core", "{A1CAAE06-CE1B-49ED-BCD7-70057A37F32E}"
EndProject
Project("{FAE04EC0-301F-11D3-BF4B-00C04F79EFBC}") = "CSI.Core.Application", "..\CSI.Core.Application\CSI.Core.Application.csproj", "{D7779982-A518-45D2-A226-38708F8397C5}"
EndProject
Project("{FAE04EC0-301F-11D3-BF4B-00C04F79EFBC}") = "CSI.Core.Domain", "..\CSI.Core.Domain\CSI.Core.Domain.csproj", "{403DAD25-D5EF-4B50-A248-0866DAB783A7}"
EndProject
Project("{FAE04EC0-301F-11D3-BF4B-00C04F79EFBC}") = "CSI.Infrastructure.Persistence", "..\CSI.Infrastructure.Persistence\CSI.Infrastructure.Persistence.csproj", "{FE89DF9C-830C-4351-A0F6-AF81D67D876D}"
EndProject
Project("{2150E333-8FDC-42A3-9474-1A3956D46DE8}") = "WebApp", "WebApp", "{17AD374B-0617-4D44-881B-770853A4805C}"
EndProject
Global
	GlobalSection(SolutionConfigurationPlatforms) = preSolution
		Debug|Any CPU = Debug|Any CPU
		Release|Any CPU = Release|Any CPU
	EndGlobalSection
	GlobalSection(ProjectConfigurationPlatforms) = postSolution
		{53217C07-2EFC-4D09-B268-AED49A4A518A}.Debug|Any CPU.ActiveCfg = Debug|Any CPU
		{53217C07-2EFC-4D09-B268-AED49A4A518A}.Debug|Any CPU.Build.0 = Debug|Any CPU
		{53217C07-2EFC-4D09-B268-AED49A4A518A}.Release|Any CPU.ActiveCfg = Release|Any CPU
		{53217C07-2EFC-4D09-B268-AED49A4A518A}.Release|Any CPU.Build.0 = Release|Any CPU
		{D7779982-A518-45D2-A226-38708F8397C5}.Debug|Any CPU.ActiveCfg = Debug|Any CPU
		{D7779982-A518-45D2-A226-38708F8397C5}.Debug|Any CPU.Build.0 = Debug|Any CPU
		{D7779982-A518-45D2-A226-38708F8397C5}.Release|Any CPU.ActiveCfg = Release|Any CPU
		{D7779982-A518-45D2-A226-38708F8397C5}.Release|Any CPU.Build.0 = Release|Any CPU
		{403DAD25-D5EF-4B50-A248-0866DAB783A7}.Debug|Any CPU.ActiveCfg = Debug|Any CPU
		{403DAD25-D5EF-4B50-A248-0866DAB783A7}.Debug|Any CPU.Build.0 = Debug|Any CPU
		{403DAD25-D5EF-4B50-A248-0866DAB783A7}.Release|Any CPU.ActiveCfg = Release|Any CPU
		{403DAD25-D5EF-4B50-A248-0866DAB783A7}.Release|Any CPU.Build.0 = Release|Any CPU
		{FE89DF9C-830C-4351-A0F6-AF81D67D876D}.Debug|Any CPU.ActiveCfg = Debug|Any CPU
		{FE89DF9C-830C-4351-A0F6-AF81D67D876D}.Debug|Any CPU.Build.0 = Debug|Any CPU
		{FE89DF9C-830C-4351-A0F6-AF81D67D876D}.Release|Any CPU.ActiveCfg = Release|Any CPU
		{FE89DF9C-830C-4351-A0F6-AF81D67D876D}.Release|Any CPU.Build.0 = Release|Any CPU
	EndGlobalSection
	GlobalSection(SolutionProperties) = preSolution
		HideSolutionNode = FALSE
	EndGlobalSection
	GlobalSection(NestedProjects) = preSolution
		{53217C07-2EFC-4D09-B268-AED49A4A518A} = {17AD374B-0617-4D44-881B-770853A4805C}
		{D7779982-A518-45D2-A226-38708F8397C5} = {A1CAAE06-CE1B-49ED-BCD7-70057A37F32E}
		{403DAD25-D5EF-4B50-A248-0866DAB783A7} = {A1CAAE06-CE1B-49ED-BCD7-70057A37F32E}
		{FE89DF9C-830C-4351-A0F6-AF81D67D876D} = {E24397E0-51DD-4ACE-AF16-51B678C7B37E}
		{17AD374B-0617-4D44-881B-770853A4805C} = {1311549A-A699-4FC3-BC8D-B0100D5939EA}
	EndGlobalSection
EndGlobal
